
Microsoft Visual Studio Solution File, Format Version 12.00
# Visual Studio Version 17
VisualStudioVersion = 17.14.36811.4 d17.14
MinimumVisualStudioVersion = 10.0.40219.1
Project("{FAE04EC0-301F-11D3-BF4B-00C04F79EFBC}") = "OneDayOneDev-DayNine", "OneDayOneDev-DayNine.csproj", "{8196036D-3F87-4E3F-BF33-A0DB8ED2FD89}"
EndProject
Global
	GlobalSection(SolutionConfigurationPlatforms) = preSolution
		Debug|Any CPU = Debug|Any CPU
		Release|Any CPU = Release|Any CPU
	EndGlobalSection
	GlobalSection(ProjectConfigurationPlatforms) = postSolution
		{8196036D-3F87-4E3F-BF33-A0DB8ED2FD89}.Debug|Any CPU.ActiveCfg = Debug|Any CPU
		{8196036D-3F87-4E3F-BF33-A0DB8ED2FD89}.Debug|Any CPU.Build.0 = Debug|Any CPU
		{8196036D-3F87-4E3F-BF33-A0DB8ED2FD89}.Release|Any CPU.ActiveCfg = Release|Any CPU
		{8196036D-3F87-4E3F-BF33-A0DB8ED2FD89}.Release|Any CPU.Build.0 = Release|Any CPU
	EndGlobalSection
	GlobalSection(SolutionProperties) = preSolution
		HideSolutionNode = FALSE
	EndGlobalSection
	GlobalSection(ExtensibilityGlobals) = postSolution
		SolutionGuid = {C64B3239-8629-4015-BAC9-29077031F22F}
	EndGlobalSection
EndGlobal
