
Microsoft Visual Studio Solution File, Format Version 12.00
# Visual Studio Version 17
VisualStudioVersion = 17.14.36811.4
MinimumVisualStudioVersion = 10.0.40219.1
Project("{FAE04EC0-301F-11D3-BF4B-00C04F79EFBC}") = "OneDayOneDev", "OneDayOneDev.csproj", "{6E9A2185-97A3-45EC-9B84-57C68F98BA53}"
EndProject
Project("{FAE04EC0-301F-11D3-BF4B-00C04F79EFBC}") = "OneDayOneDev-TEST", "..\OneDayOneDev-TEST\OneDayOneDev-TEST.csproj", "{55484741-F79C-C121-64CE-5F59174B07C6}"
EndProject
Global
	GlobalSection(SolutionConfigurationPlatforms) = preSolution
		Debug|Any CPU = Debug|Any CPU
		Release|Any CPU = Release|Any CPU
	EndGlobalSection
	GlobalSection(ProjectConfigurationPlatforms) = postSolution
		{6E9A2185-97A3-45EC-9B84-57C68F98BA53}.Debug|Any CPU.ActiveCfg = Debug|Any CPU
		{6E9A2185-97A3-45EC-9B84-57C68F98BA53}.Debug|Any CPU.Build.0 = Debug|Any CPU
		{6E9A2185-97A3-45EC-9B84-57C68F98BA53}.Release|Any CPU.ActiveCfg = Release|Any CPU
		{6E9A2185-97A3-45EC-9B84-57C68F98BA53}.Release|Any CPU.Build.0 = Release|Any CPU
		{55484741-F79C-C121-64CE-5F59174B07C6}.Debug|Any CPU.ActiveCfg = Debug|Any CPU
		{55484741-F79C-C121-64CE-5F59174B07C6}.Debug|Any CPU.Build.0 = Debug|Any CPU
		{55484741-F79C-C121-64CE-5F59174B07C6}.Release|Any CPU.ActiveCfg = Release|Any CPU
		{55484741-F79C-C121-64CE-5F59174B07C6}.Release|Any CPU.Build.0 = Release|Any CPU
	EndGlobalSection
	GlobalSection(SolutionProperties) = preSolution
		HideSolutionNode = FALSE
	EndGlobalSection
	GlobalSection(ExtensibilityGlobals) = postSolution
		SolutionGuid = {065906D3-0F01-4B98-B6AB-271A430BD6D9}
	EndGlobalSection
EndGlobal
