
Microsoft Visual Studio Solution File, Format Version 12.00
# Visual Studio Version 17
VisualStudioVersion = 17.14.36811.4 d17.14
MinimumVisualStudioVersion = 10.0.40219.1
Project("{FAE04EC0-301F-11D3-BF4B-00C04F79EFBC}") = "OneDayOneDev-DayTwelve", "OneDayOneDev-DayTwelve.csproj", "{763AA3E8-A3FF-49B0-8BCB-1ACBEB46EB7C}"
EndProject
Global
	GlobalSection(SolutionConfigurationPlatforms) = preSolution
		Debug|Any CPU = Debug|Any CPU
		Release|Any CPU = Release|Any CPU
	EndGlobalSection
	GlobalSection(ProjectConfigurationPlatforms) = postSolution
		{763AA3E8-A3FF-49B0-8BCB-1ACBEB46EB7C}.Debug|Any CPU.ActiveCfg = Debug|Any CPU
		{763AA3E8-A3FF-49B0-8BCB-1ACBEB46EB7C}.Debug|Any CPU.Build.0 = Debug|Any CPU
		{763AA3E8-A3FF-49B0-8BCB-1ACBEB46EB7C}.Release|Any CPU.ActiveCfg = Release|Any CPU
		{763AA3E8-A3FF-49B0-8BCB-1ACBEB46EB7C}.Release|Any CPU.Build.0 = Release|Any CPU
	EndGlobalSection
	GlobalSection(SolutionProperties) = preSolution
		HideSolutionNode = FALSE
	EndGlobalSection
	GlobalSection(ExtensibilityGlobals) = postSolution
		SolutionGuid = {739EFD3E-80B3-4493-89C9-A502DCB712CF}
	EndGlobalSection
EndGlobal
